
Microsoft Visual Studio Solution File, Format Version 12.00
# Visual Studio 2013
VisualStudioVersion = 12.0.40629.0
MinimumVisualStudioVersion = 10.0.40219.1
Project("{FAE04EC0-301F-11D3-BF4B-00C04F79EFBC}") = "WebAPIDemo", "WebAPIDemo\WebAPIDemo.csproj", "{5A9F161D-0D34-4DA5-AE50-13FDC33EB770}"
EndProject
Global
	GlobalSection(SolutionConfigurationPlatforms) = preSolution
		Debug|Any CPU = Debug|Any CPU
		Release|Any CPU = Release|Any CPU
	EndGlobalSection
	GlobalSection(ProjectConfigurationPlatforms) = postSolution
		{5A9F161D-0D34-4DA5-AE50-13FDC33EB770}.Debug|Any CPU.ActiveCfg = Debug|Any CPU
		{5A9F161D-0D34-4DA5-AE50-13FDC33EB770}.Debug|Any CPU.Build.0 = Debug|Any CPU
		{5A9F161D-0D34-4DA5-AE50-13FDC33EB770}.Release|Any CPU.ActiveCfg = Release|Any CPU
		{5A9F161D-0D34-4DA5-AE50-13FDC33EB770}.Release|Any CPU.Build.0 = Release|Any CPU
	EndGlobalSection
	GlobalSection(SolutionProperties) = preSolution
		HideSolutionNode = FALSE
	EndGlobalSection
EndGlobal
